<?xml version="1.0" encoding="utf-8"?>
<Project ToolsVersion="4.0" xmlns="http://schemas.microsoft.com/developer/msbuild/2003">
  <ItemGroup>
    <Filter Include="Generated Files">
      <UniqueIdentifier>{71ED8ED8-ACB9-4CE9-BBE1-E00B30144E11}</UniqueIdentifier>
      <Extensions>cpp;c;cxx;moc;h;def;odl;idl;res;</Extensions>
    </Filter>
    <Filter Include="Generated Files">
      <UniqueIdentifier>{71ED8ED8-ACB9-4CE9-BBE1-E00B30144E11}</UniqueIdentifier>
      <Extensions>cpp;c;cxx;moc;h;def;odl;idl;res;</Extensions>
    </Filter>
    <Filter Include="Header Files">
      <UniqueIdentifier>{93995380-89BD-4b04-88EB-625FBE52EBFB}</UniqueIdentifier>
      <Extensions>h;hpp;hxx;hm;inl;inc;xsd</Extensions>
    </Filter>
    <Filter Include="Header Files">
      <UniqueIdentifier>{93995380-89BD-4b04-88EB-625FBE52EBFB}</UniqueIdentifier>
      <Extensions>h;hpp;hxx;hm;inl;inc;xsd</Extensions>
    </Filter>
    <Filter Include="Resource Files">
      <UniqueIdentifier>{D9D6E242-F8AF-46E4-B9FD-80ECBC20BA3E}</UniqueIdentifier>
      <Extensions>qrc;*</Extensions>
      <ParseFiles>false</ParseFiles>
    </Filter>
    <Filter Include="Resource Files">
      <UniqueIdentifier>{D9D6E242-F8AF-46E4-B9FD-80ECBC20BA3E}</UniqueIdentifier>
      <Extensions>qrc;*</Extensions>
      <ParseFiles>false</ParseFiles>
    </Filter>
    <Filter Include="Source Files">
      <UniqueIdentifier>{4FC737F1-C7A5-4376-A066-2A32D752A2FF}</UniqueIdentifier>
      <Extensions>cpp;c;cxx;def;odl;idl;hpj;bat;asm;asmx</Extensions>
    </Filter>
    <Filter Include="Source Files">
      <UniqueIdentifier>{4FC737F1-C7A5-4376-A066-2A32D752A2FF}</UniqueIdentifier>
      <Extensions>cpp;c;cxx;def;odl;idl;hpj;bat;asm;asmx</Extensions>
    </Filter>
    <Filter Include="Translation Files">
      <UniqueIdentifier>{639EADAA-A684-42e4-A9AD-28FC9BCB8F7C}</UniqueIdentifier>
      <Extensions>ts;xlf</Extensions>
      <ParseFiles>false</ParseFiles>
    </Filter>
    <Filter Include="Translation Files">
      <UniqueIdentifier>{639EADAA-A684-42e4-A9AD-28FC9BCB8F7C}</UniqueIdentifier>
      <Extensions>ts;xlf</Extensions>
      <ParseFiles>false</ParseFiles>
    </Filter>
  </ItemGroup>
  <ItemGroup>
    <ClCompile Include="AVClock.cpp">
      <Filter>Source Files</Filter>
    </ClCompile>
    <ClCompile Include="AVCompat.cpp">
      <Filter>Source Files</Filter>
    </ClCompile>
    <ClCompile Include="codec\AVDecoder.cpp">
      <Filter>Source Files</Filter>
    </ClCompile>
    <ClCompile Include="AVDemuxThread.cpp">
      <Filter>Source Files</Filter>
    </ClCompile>
    <ClCompile Include="AVDemuxer.cpp">
      <Filter>Source Files</Filter>
    </ClCompile>
    <ClCompile Include="AVError.cpp">
      <Filter>Source Files</Filter>
    </ClCompile>
    <ClCompile Include="output\AVOutput.cpp">
      <Filter>Source Files</Filter>
    </ClCompile>
    <ClCompile Include="AVPlayer.cpp">
      <Filter>Source Files</Filter>
    </ClCompile>
    <ClCompile Include="AVPlayerPrivate.cpp">
      <Filter>Source Files</Filter>
    </ClCompile>
    <ClCompile Include="AVThread.cpp">
      <Filter>Source Files</Filter>
    </ClCompile>
    <ClCompile Include="codec\audio\AudioDecoder.cpp">
      <Filter>Source Files</Filter>
    </ClCompile>
    <ClCompile Include="AudioFormat.cpp">
      <Filter>Source Files</Filter>
    </ClCompile>
    <ClCompile Include="AudioFrame.cpp">
      <Filter>Source Files</Filter>
    </ClCompile>
    <ClCompile Include="output\audio\AudioOutput.cpp">
      <Filter>Source Files</Filter>
    </ClCompile>
    <ClCompile Include="output\audio\AudioOutputDSound.cpp">
      <Filter>Source Files</Filter>
    </ClCompile>
    <ClCompile Include="output\audio\AudioOutputPortAudio.cpp">
      <Filter>Source Files</Filter>
    </ClCompile>
    <ClCompile Include="output\audio\AudioOutputTypes.cpp">
      <Filter>Source Files</Filter>
    </ClCompile>
    <ClCompile Include="AudioResampler.cpp">
      <Filter>Source Files</Filter>
    </ClCompile>
    <ClCompile Include="AudioResamplerLibav.cpp">
      <Filter>Source Files</Filter>
    </ClCompile>
    <ClCompile Include="AudioResamplerTypes.cpp">
      <Filter>Source Files</Filter>
    </ClCompile>
    <ClCompile Include="AudioThread.cpp">
      <Filter>Source Files</Filter>
    </ClCompile>
    <ClCompile Include="..\contrib\libchardet\src\CharDistribution.cpp">
      <Filter>Source Files</Filter>
    </ClCompile>
    <ClCompile Include="subtitle\CharsetDetector.cpp">
      <Filter>Source Files</Filter>
    </ClCompile>
    <ClCompile Include="ColorTransform.cpp">
      <Filter>Source Files</Filter>
    </ClCompile>
    <ClCompile Include="CommonTypes.cpp">
      <Filter>Source Files</Filter>
    </ClCompile>
    <ClCompile Include="filter\Filter.cpp">
      <Filter>Source Files</Filter>
    </ClCompile>
    <ClCompile Include="filter\FilterContext.cpp">
      <Filter>Source Files</Filter>
    </ClCompile>
    <ClCompile Include="filter\FilterManager.cpp">
      <Filter>Source Files</Filter>
    </ClCompile>
    <ClCompile Include="Frame.cpp">
      <Filter>Source Files</Filter>
    </ClCompile>
    <ClCompile Include="output\video\GLWidgetRenderer.cpp">
      <Filter>Source Files</Filter>
    </ClCompile>
    <ClCompile Include="output\video\GLWidgetRenderer2.cpp">
      <Filter>Source Files</Filter>
    </ClCompile>
    <ClCompile Include="utils\GPUMemCopy.cpp">
      <Filter>Source Files</Filter>
    </ClCompile>
    <ClCompile Include="output\video\GraphicsItemRenderer.cpp">
      <Filter>Source Files</Filter>
    </ClCompile>
    <ClCompile Include="ImageConverter.cpp">
      <Filter>Source Files</Filter>
    </ClCompile>
    <ClCompile Include="ImageConverterFF.cpp">
      <Filter>Source Files</Filter>
    </ClCompile>
    <ClCompile Include="..\contrib\libchardet\src\JpCntx.cpp">
      <Filter>Source Files</Filter>
    </ClCompile>
    <ClCompile Include="..\contrib\libchardet\src\LangBulgarianModel.cpp">
      <Filter>Source Files</Filter>
    </ClCompile>
    <ClCompile Include="..\contrib\libchardet\src\LangCyrillicModel.cpp">
      <Filter>Source Files</Filter>
    </ClCompile>
    <ClCompile Include="..\contrib\libchardet\src\LangGreekModel.cpp">
      <Filter>Source Files</Filter>
    </ClCompile>
    <ClCompile Include="..\contrib\libchardet\src\LangHebrewModel.cpp">
      <Filter>Source Files</Filter>
    </ClCompile>
    <ClCompile Include="..\contrib\libchardet\src\LangHungarianModel.cpp">
      <Filter>Source Files</Filter>
    </ClCompile>
    <ClCompile Include="..\contrib\libchardet\src\LangThaiModel.cpp">
      <Filter>Source Files</Filter>
    </ClCompile>
    <ClCompile Include="filter\LibAVFilter.cpp">
      <Filter>Source Files</Filter>
    </ClCompile>
    <ClCompile Include="utils\Logger.cpp">
      <Filter>Source Files</Filter>
    </ClCompile>
    <ClCompile Include="utils\OpenGLHelper.cpp">
      <Filter>Source Files</Filter>
    </ClCompile>
    <ClCompile Include="output\video\OpenGLRendererBase.cpp">
      <Filter>Source Files</Filter>
    </ClCompile>
    <ClCompile Include="OpenGLVideo.cpp">
      <Filter>Source Files</Filter>
    </ClCompile>
    <ClCompile Include="output\OutputSet.cpp">
      <Filter>Source Files</Filter>
    </ClCompile>
    <ClCompile Include="Packet.cpp">
      <Filter>Source Files</Filter>
    </ClCompile>
    <ClCompile Include="subtitle\PlainText.cpp">
      <Filter>Source Files</Filter>
    </ClCompile>
    <ClCompile Include="subtitle\PlayerSubtitle.cpp">
      <Filter>Source Files</Filter>
    </ClCompile>
    <ClCompile Include="QAVIOContext.cpp">
      <Filter>Source Files</Filter>
    </ClCompile>
    <ClCompile Include="output\video\QPainterRenderer.cpp">
      <Filter>Source Files</Filter>
    </ClCompile>
    <ClCompile Include="QtAV_Global.cpp">
      <Filter>Source Files</Filter>
    </ClCompile>
    <ClCompile Include="ShaderManager.cpp">
      <Filter>Source Files</Filter>
    </ClCompile>
    <ClCompile Include="Statistics.cpp">
      <Filter>Source Files</Filter>
    </ClCompile>
    <ClCompile Include="subtitle\Subtitle.cpp">
      <Filter>Source Files</Filter>
    </ClCompile>
    <ClCompile Include="filter\SubtitleFilter.cpp">
      <Filter>Source Files</Filter>
    </ClCompile>
    <ClCompile Include="subtitle\SubtitleProcessor.cpp">
      <Filter>Source Files</Filter>
    </ClCompile>
    <ClCompile Include="subtitle\SubtitleProcessorFFmpeg.cpp">
      <Filter>Source Files</Filter>
    </ClCompile>
    <ClCompile Include="VideoCapture.cpp">
      <Filter>Source Files</Filter>
    </ClCompile>
    <ClCompile Include="codec\video\VideoDecoder.cpp">
      <Filter>Source Files</Filter>
    </ClCompile>
    <ClCompile Include="codec\video\VideoDecoderCUDA.cpp">
      <Filter>Source Files</Filter>
    </ClCompile>
    <ClCompile Include="codec\video\VideoDecoderFFmpeg.cpp">
      <Filter>Source Files</Filter>
    </ClCompile>
    <ClCompile Include="codec\video\VideoDecoderFFmpegHW.cpp">
      <Filter>Source Files</Filter>
    </ClCompile>
    <ClCompile Include="codec\video\VideoDecoderTypes.cpp">
      <Filter>Source Files</Filter>
    </ClCompile>
    <ClCompile Include="VideoFormat.cpp">
      <Filter>Source Files</Filter>
    </ClCompile>
    <ClCompile Include="VideoFrame.cpp">
      <Filter>Source Files</Filter>
    </ClCompile>
    <ClCompile Include="VideoFrameExtractor.cpp">
      <Filter>Source Files</Filter>
    </ClCompile>
    <ClCompile Include="output\video\VideoOutput.cpp">
      <Filter>Source Files</Filter>
    </ClCompile>
    <ClCompile Include="output\video\VideoOutputEventFilter.cpp">
      <Filter>Source Files</Filter>
    </ClCompile>
    <ClCompile Include="output\video\VideoRenderer.cpp">
      <Filter>Source Files</Filter>
    </ClCompile>
    <ClCompile Include="output\video\VideoRendererTypes.cpp">
      <Filter>Source Files</Filter>
    </ClCompile>
    <ClCompile Include="VideoShader.cpp">
      <Filter>Source Files</Filter>
    </ClCompile>
    <ClCompile Include="VideoThread.cpp">
      <Filter>Source Files</Filter>
    </ClCompile>
    <ClCompile Include="output\video\WidgetRenderer.cpp">
      <Filter>Source Files</Filter>
    </ClCompile>
    <ClCompile Include="..\contrib\capi\capi.cpp">
      <Filter>Source Files</Filter>
    </ClCompile>
    <ClCompile Include="cuda\cuda_api.cpp">
      <Filter>Source Files</Filter>
    </ClCompile>
    <ClCompile Include="..\contrib\libchardet\src\entry\impl.cpp">
      <Filter>Source Files</Filter>
    </ClCompile>
    <ClCompile Include="..\contrib\libchardet\src\nsBig5Prober.cpp">
      <Filter>Source Files</Filter>
    </ClCompile>
    <ClCompile Include="..\contrib\libchardet\src\nsCharSetProber.cpp">
      <Filter>Source Files</Filter>
    </ClCompile>
    <ClCompile Include="..\contrib\libchardet\src\nsEUCJPProber.cpp">
      <Filter>Source Files</Filter>
    </ClCompile>
    <ClCompile Include="..\contrib\libchardet\src\nsEUCKRProber.cpp">
      <Filter>Source Files</Filter>
    </ClCompile>
    <ClCompile Include="..\contrib\libchardet\src\nsEUCTWProber.cpp">
      <Filter>Source Files</Filter>
    </ClCompile>
    <ClCompile Include="..\contrib\libchardet\src\nsEscCharsetProber.cpp">
      <Filter>Source Files</Filter>
    </ClCompile>
    <ClCompile Include="..\contrib\libchardet\src\nsEscSM.cpp">
      <Filter>Source Files</Filter>
    </ClCompile>
    <ClCompile Include="..\contrib\libchardet\src\nsGB2312Prober.cpp">
      <Filter>Source Files</Filter>
    </ClCompile>
    <ClCompile Include="..\contrib\libchardet\src\nsHebrewProber.cpp">
      <Filter>Source Files</Filter>
    </ClCompile>
    <ClCompile Include="..\contrib\libchardet\src\nsLatin1Prober.cpp">
      <Filter>Source Files</Filter>
    </ClCompile>
    <ClCompile Include="..\contrib\libchardet\src\nsMBCSGroupProber.cpp">
      <Filter>Source Files</Filter>
    </ClCompile>
    <ClCompile Include="..\contrib\libchardet\src\nsMBCSSM.cpp">
      <Filter>Source Files</Filter>
    </ClCompile>
    <ClCompile Include="..\contrib\libchardet\src\nsSBCSGroupProber.cpp">
      <Filter>Source Files</Filter>
    </ClCompile>
    <ClCompile Include="..\contrib\libchardet\src\nsSBCharSetProber.cpp">
      <Filter>Source Files</Filter>
    </ClCompile>
    <ClCompile Include="..\contrib\libchardet\src\nsSJISProber.cpp">
      <Filter>Source Files</Filter>
    </ClCompile>
    <ClCompile Include="..\contrib\libchardet\src\nsUTF8Prober.cpp">
      <Filter>Source Files</Filter>
    </ClCompile>
    <ClCompile Include="..\contrib\libchardet\src\nsUniversalDetector.cpp">
      <Filter>Source Files</Filter>
    </ClCompile>
    <ClCompile Include="..\.moc\5.3.1\QtAV\moc_AVClock.cpp">
      <Filter>Generated Files</Filter>
    </ClCompile>
    <ClCompile Include="..\.moc\5.3.1\QtAV\moc_AVDecoder.cpp">
      <Filter>Generated Files</Filter>
    </ClCompile>
    <ClCompile Include="..\.moc\5.3.1\QtAV\moc_AVDemuxThread.cpp">
      <Filter>Generated Files</Filter>
    </ClCompile>
    <ClCompile Include="..\.moc\5.3.1\QtAV\moc_AVDemuxer.cpp">
      <Filter>Generated Files</Filter>
    </ClCompile>
    <ClCompile Include="..\.moc\5.3.1\QtAV\moc_AVPlayer.cpp">
      <Filter>Generated Files</Filter>
    </ClCompile>
    <ClCompile Include="..\.moc\5.3.1\QtAV\moc_AVThread.cpp">
      <Filter>Generated Files</Filter>
    </ClCompile>
    <ClCompile Include="..\.moc\5.3.1\QtAV\moc_AudioOutput.cpp">
      <Filter>Generated Files</Filter>
    </ClCompile>
    <ClCompile Include="..\.moc\5.3.1\QtAV\moc_AudioThread.cpp">
      <Filter>Generated Files</Filter>
    </ClCompile>
    <ClCompile Include="..\.moc\5.3.1\QtAV\moc_Filter.cpp">
      <Filter>Generated Files</Filter>
    </ClCompile>
    <ClCompile Include="..\.moc\5.3.1\QtAV\moc_FilterManager.cpp">
      <Filter>Generated Files</Filter>
    </ClCompile>
    <ClCompile Include="..\.moc\5.3.1\QtAV\moc_GLWidgetRenderer.cpp">
      <Filter>Generated Files</Filter>
    </ClCompile>
    <ClCompile Include="..\.moc\5.3.1\QtAV\moc_GLWidgetRenderer2.cpp">
      <Filter>Generated Files</Filter>
    </ClCompile>
    <ClCompile Include="..\.moc\5.3.1\QtAV\moc_GraphicsItemRenderer.cpp">
      <Filter>Generated Files</Filter>
    </ClCompile>
    <ClCompile Include="..\.moc\5.3.1\QtAV\moc_LibAVFilter.cpp">
      <Filter>Generated Files</Filter>
    </ClCompile>
    <ClCompile Include="..\.moc\5.3.1\QtAV\moc_OpenGLVideo.cpp">
      <Filter>Generated Files</Filter>
    </ClCompile>
    <ClCompile Include="..\.moc\5.3.1\QtAV\moc_OutputSet.cpp">
      <Filter>Generated Files</Filter>
    </ClCompile>
    <ClCompile Include="..\.moc\5.3.1\QtAV\moc_PlayerSubtitle.cpp">
      <Filter>Generated Files</Filter>
    </ClCompile>
    <ClCompile Include="..\.moc\5.3.1\QtAV\moc_ShaderManager.cpp">
      <Filter>Generated Files</Filter>
    </ClCompile>
    <ClCompile Include="..\.moc\5.3.1\QtAV\moc_Subtitle.cpp">
      <Filter>Generated Files</Filter>
    </ClCompile>
    <ClCompile Include="..\.moc\5.3.1\QtAV\moc_SubtitleFilter.cpp">
      <Filter>Generated Files</Filter>
    </ClCompile>
    <ClCompile Include="..\.moc\5.3.1\QtAV\moc_VideoCapture.cpp">
      <Filter>Generated Files</Filter>
    </ClCompile>
    <ClCompile Include="..\.moc\5.3.1\QtAV\moc_VideoFrameExtractor.cpp">
      <Filter>Generated Files</Filter>
    </ClCompile>
    <ClCompile Include="..\.moc\5.3.1\QtAV\moc_VideoOutput.cpp">
      <Filter>Generated Files</Filter>
    </ClCompile>
    <ClCompile Include="..\.moc\5.3.1\QtAV\moc_VideoOutputEventFilter.cpp">
      <Filter>Generated Files</Filter>
    </ClCompile>
    <ClCompile Include="..\.moc\5.3.1\QtAV\moc_VideoThread.cpp">
      <Filter>Generated Files</Filter>
    </ClCompile>
    <ClCompile Include="..\.moc\5.3.1\QtAV\moc_WidgetRenderer.cpp">
      <Filter>Generated Files</Filter>
    </ClCompile>
    <ClCompile Include="GeneratedFiles\qrc_QtAV.cpp">
      <Filter>Generated Files</Filter>
    </ClCompile>
    <ClCompile Include="GeneratedFiles\qrc_shaders.cpp">
      <Filter>Generated Files</Filter>
    </ClCompile>
  </ItemGroup>
  <ItemGroup>
    <CustomBuild Include="QtAV\AVClock.h">
      <Filter>Header Files</Filter>
    </CustomBuild>
    <ClInclude Include="QtAV\private\AVCompat.h">
      <Filter>Header Files</Filter>
    </ClInclude>
    <CustomBuild Include="QtAV\AVDecoder.h">
      <Filter>Header Files</Filter>
    </CustomBuild>
    <ClInclude Include="QtAV\private\AVDecoder_p.h">
      <Filter>Header Files</Filter>
    </ClInclude>
    <CustomBuild Include="AVDemuxThread.h">
      <Filter>Header Files</Filter>
    </CustomBuild>
    <CustomBuild Include="QtAV\AVDemuxer.h">
      <Filter>Header Files</Filter>
    </CustomBuild>
    <ClInclude Include="QtAV\AVError.h">
      <Filter>Header Files</Filter>
    </ClInclude>
    <ClInclude Include="QtAV\AVOutput.h">
      <Filter>Header Files</Filter>
    </ClInclude>
    <ClInclude Include="QtAV\private\AVOutput_p.h">
      <Filter>Header Files</Filter>
    </ClInclude>
    <CustomBuild Include="QtAV\AVPlayer.h">
      <Filter>Header Files</Filter>
    </CustomBuild>
    <ClInclude Include="AVPlayerPrivate.h">
      <Filter>Header Files</Filter>
    </ClInclude>
    <CustomBuild Include="AVThread.h">
      <Filter>Header Files</Filter>
    </CustomBuild>
    <ClInclude Include="AVThread_p.h">
      <Filter>Header Files</Filter>
    </ClInclude>
    <ClInclude Include="QtAV\AudioDecoder.h">
      <Filter>Header Files</Filter>
    </ClInclude>
    <ClInclude Include="QtAV\AudioFormat.h">
      <Filter>Header Files</Filter>
    </ClInclude>
    <ClInclude Include="QtAV\AudioFrame.h">
      <Filter>Header Files</Filter>
    </ClInclude>
    <CustomBuild Include="QtAV\AudioOutput.h">
      <Filter>Header Files</Filter>
    </CustomBuild>
    <ClInclude Include="QtAV\AudioOutputTypes.h">
      <Filter>Header Files</Filter>
    </ClInclude>
    <ClInclude Include="QtAV\private\AudioOutput_p.h">
      <Filter>Header Files</Filter>
    </ClInclude>
    <ClInclude Include="QtAV\AudioResampler.h">
      <Filter>Header Files</Filter>
    </ClInclude>
    <ClInclude Include="QtAV\AudioResamplerTypes.h">
      <Filter>Header Files</Filter>
    </ClInclude>
    <ClInclude Include="QtAV\private\AudioResampler_p.h">
      <Filter>Header Files</Filter>
    </ClInclude>
    <CustomBuild Include="AudioThread.h">
      <Filter>Header Files</Filter>
    </CustomBuild>
    <ClInclude Include="utils\BlockingQueue.h">
      <Filter>Header Files</Filter>
    </ClInclude>
    <ClInclude Include="..\contrib\libchardet\src\CharDistribution.h">
      <Filter>Header Files</Filter>
    </ClInclude>
    <ClInclude Include="subtitle\CharsetDetector.h">
      <Filter>Header Files</Filter>
    </ClInclude>
    <ClInclude Include="QtAV\ColorTransform.h">
      <Filter>Header Files</Filter>
    </ClInclude>
    <ClInclude Include="QtAV\CommonTypes.h">
      <Filter>Header Files</Filter>
    </ClInclude>
    <ClInclude Include="QtAV\FactoryDefine.h">
      <Filter>Header Files</Filter>
    </ClInclude>
    <CustomBuild Include="QtAV\Filter.h">
      <Filter>Header Files</Filter>
    </CustomBuild>
    <ClInclude Include="QtAV\FilterContext.h">
      <Filter>Header Files</Filter>
    </ClInclude>
    <CustomBuild Include="filter\FilterManager.h">
      <Filter>Header Files</Filter>
    </CustomBuild>
    <ClInclude Include="QtAV\private\Filter_p.h">
      <Filter>Header Files</Filter>
    </ClInclude>
    <ClInclude Include="QtAV\Frame.h">
      <Filter>Header Files</Filter>
    </ClInclude>
    <ClInclude Include="QtAV\private\Frame_p.h">
      <Filter>Header Files</Filter>
    </ClInclude>
    <CustomBuild Include="QtAV\GLWidgetRenderer.h">
      <Filter>Header Files</Filter>
    </CustomBuild>
    <CustomBuild Include="QtAV\GLWidgetRenderer2.h">
      <Filter>Header Files</Filter>
    </CustomBuild>
    <ClInclude Include="utils\GPUMemCopy.h">
      <Filter>Header Files</Filter>
    </ClInclude>
    <CustomBuild Include="QtAV\GraphicsItemRenderer.h">
      <Filter>Header Files</Filter>
    </CustomBuild>
    <ClInclude Include="QtAV\ImageConverter.h">
      <Filter>Header Files</Filter>
    </ClInclude>
    <ClInclude Include="QtAV\ImageConverterTypes.h">
      <Filter>Header Files</Filter>
    </ClInclude>
    <ClInclude Include="QtAV\private\ImageConverter_p.h">
      <Filter>Header Files</Filter>
    </ClInclude>
    <ClInclude Include="..\contrib\libchardet\src\JpCntx.h">
      <Filter>Header Files</Filter>
    </ClInclude>
    <CustomBuild Include="QtAV\LibAVFilter.h">
      <Filter>Header Files</Filter>
    </CustomBuild>
    <ClInclude Include="utils\Logger.h">
      <Filter>Header Files</Filter>
    </ClInclude>
    <ClInclude Include="utils\OpenGLHelper.h">
      <Filter>Header Files</Filter>
    </ClInclude>
    <ClInclude Include="QtAV\OpenGLRendererBase.h">
      <Filter>Header Files</Filter>
    </ClInclude>
    <ClInclude Include="QtAV\private\OpenGLRendererBase_p.h">
      <Filter>Header Files</Filter>
    </ClInclude>
    <CustomBuild Include="QtAV\OpenGLVideo.h">
      <Filter>Header Files</Filter>
    </CustomBuild>
    <CustomBuild Include="output\OutputSet.h">
      <Filter>Header Files</Filter>
    </CustomBuild>
    <ClInclude Include="QtAV\Packet.h">
      <Filter>Header Files</Filter>
    </ClInclude>
    <ClInclude Include="subtitle\PlainText.h">
      <Filter>Header Files</Filter>
    </ClInclude>
    <CustomBuild Include="QtAV\private\PlayerSubtitle.h">
      <Filter>Header Files</Filter>
    </CustomBuild>
    <ClInclude Include="QAVIOContext.h">
      <Filter>Header Files</Filter>
    </ClInclude>
    <ClInclude Include="QtAV\QPainterRenderer.h">
      <Filter>Header Files</Filter>
    </ClInclude>
    <ClInclude Include="QtAV\private\QPainterRenderer_p.h">
      <Filter>Header Files</Filter>
    </ClInclude>
    <ClInclude Include="QtAV\QtAV.h">
      <Filter>Header Files</Filter>
    </ClInclude>
    <ClInclude Include="QtAV\QtAV_Global.h">
      <Filter>Header Files</Filter>
    </ClInclude>
    <CustomBuild Include="ShaderManager.h">
      <Filter>Header Files</Filter>
    </CustomBuild>
    <ClInclude Include="utils\SharedPtr.h">
      <Filter>Header Files</Filter>
    </ClInclude>
    <ClInclude Include="QtAV\Statistics.h">
      <Filter>Header Files</Filter>
    </ClInclude>
    <CustomBuild Include="QtAV\Subtitle.h">
      <Filter>Header Files</Filter>
    </CustomBuild>
    <CustomBuild Include="QtAV\SubtitleFilter.h">
      <Filter>Header Files</Filter>
    </CustomBuild>
    <ClInclude Include="QtAV\private\SubtitleProcessor.h">
      <Filter>Header Files</Filter>
    </ClInclude>
    <ClInclude Include="QtAV\SurfaceInterop.h">
      <Filter>Header Files</Filter>
    </ClInclude>
    <CustomBuild Include="QtAV\VideoCapture.h">
      <Filter>Header Files</Filter>
    </CustomBuild>
    <ClInclude Include="QtAV\VideoDecoder.h">
      <Filter>Header Files</Filter>
    </ClInclude>
    <ClInclude Include="QtAV\VideoDecoderFFmpegHW.h">
      <Filter>Header Files</Filter>
    </ClInclude>
    <ClInclude Include="QtAV\private\VideoDecoderFFmpegHW_p.h">
      <Filter>Header Files</Filter>
    </ClInclude>
    <ClInclude Include="QtAV\VideoDecoderTypes.h">
      <Filter>Header Files</Filter>
    </ClInclude>
    <ClInclude Include="QtAV\private\VideoDecoder_p.h">
      <Filter>Header Files</Filter>
    </ClInclude>
    <ClInclude Include="QtAV\VideoFormat.h">
      <Filter>Header Files</Filter>
    </ClInclude>
    <ClInclude Include="QtAV\VideoFrame.h">
      <Filter>Header Files</Filter>
    </ClInclude>
    <CustomBuild Include="QtAV\VideoFrameExtractor.h">
      <Filter>Header Files</Filter>
    </CustomBuild>
    <CustomBuild Include="QtAV\VideoOutput.h">
      <Filter>Header Files</Filter>
    </CustomBuild>
    <CustomBuild Include="output\video\VideoOutputEventFilter.h">
      <Filter>Header Files</Filter>
    </CustomBuild>
    <ClInclude Include="QtAV\VideoRenderer.h">
      <Filter>Header Files</Filter>
    </ClInclude>
    <ClInclude Include="QtAV\VideoRendererTypes.h">
      <Filter>Header Files</Filter>
    </ClInclude>
    <ClInclude Include="QtAV\private\VideoRenderer_p.h">
      <Filter>Header Files</Filter>
    </ClInclude>
    <ClInclude Include="QtAV\VideoShader.h">
      <Filter>Header Files</Filter>
    </ClInclude>
    <ClInclude Include="QtAV\private\VideoShader_p.h">
      <Filter>Header Files</Filter>
    </ClInclude>
    <CustomBuild Include="VideoThread.h">
      <Filter>Header Files</Filter>
    </CustomBuild>
    <CustomBuild Include="QtAV\WidgetRenderer.h">
      <Filter>Header Files</Filter>
    </CustomBuild>
    <ClInclude Include="..\contrib\capi\capi.h">
      <Filter>Header Files</Filter>
    </ClInclude>
    <ClInclude Include="..\contrib\libchardet\src\chardet.h">
      <Filter>Header Files</Filter>
    </ClInclude>
    <ClInclude Include="cuda\cuda_api.h">
      <Filter>Header Files</Filter>
    </ClInclude>
    <ClInclude Include="QtAV\dptr.h">
      <Filter>Header Files</Filter>
    </ClInclude>
    <ClInclude Include="QtAV\private\factory.h">
      <Filter>Header Files</Filter>
    </ClInclude>
    <ClInclude Include="cuda\helper_cuda.h">
      <Filter>Header Files</Filter>
    </ClInclude>
    <ClInclude Include="QtAV\private\mkid.h">
      <Filter>Header Files</Filter>
    </ClInclude>
    <ClInclude Include="..\contrib\libchardet\src\nsBig5Prober.h">
      <Filter>Header Files</Filter>
    </ClInclude>
    <ClInclude Include="..\contrib\libchardet\src\nsCharSetProber.h">
      <Filter>Header Files</Filter>
    </ClInclude>
    <ClInclude Include="..\contrib\libchardet\src\nsCodingStateMachine.h">
      <Filter>Header Files</Filter>
    </ClInclude>
    <ClInclude Include="..\contrib\libchardet\src\nsEUCJPProber.h">
      <Filter>Header Files</Filter>
    </ClInclude>
    <ClInclude Include="..\contrib\libchardet\src\nsEUCKRProber.h">
      <Filter>Header Files</Filter>
    </ClInclude>
    <ClInclude Include="..\contrib\libchardet\src\nsEUCTWProber.h">
      <Filter>Header Files</Filter>
    </ClInclude>
    <ClInclude Include="..\contrib\libchardet\src\nsEscCharsetProber.h">
      <Filter>Header Files</Filter>
    </ClInclude>
    <ClInclude Include="..\contrib\libchardet\src\nsGB2312Prober.h">
      <Filter>Header Files</Filter>
    </ClInclude>
    <ClInclude Include="..\contrib\libchardet\src\nsHebrewProber.h">
      <Filter>Header Files</Filter>
    </ClInclude>
    <ClInclude Include="..\contrib\libchardet\src\nsLatin1Prober.h">
      <Filter>Header Files</Filter>
    </ClInclude>
    <ClInclude Include="..\contrib\libchardet\src\nsMBCSGroupProber.h">
      <Filter>Header Files</Filter>
    </ClInclude>
    <ClInclude Include="..\contrib\libchardet\src\nsPkgInt.h">
      <Filter>Header Files</Filter>
    </ClInclude>
    <ClInclude Include="..\contrib\libchardet\src\nsSBCSGroupProber.h">
      <Filter>Header Files</Filter>
    </ClInclude>
    <ClInclude Include="..\contrib\libchardet\src\nsSBCharSetProber.h">
      <Filter>Header Files</Filter>
    </ClInclude>
    <ClInclude Include="..\contrib\libchardet\src\nsSJISProber.h">
      <Filter>Header Files</Filter>
    </ClInclude>
    <ClInclude Include="..\contrib\libchardet\src\nsUTF8Prober.h">
      <Filter>Header Files</Filter>
    </ClInclude>
    <ClInclude Include="..\contrib\libchardet\src\nsUniversalDetector.h">
      <Filter>Header Files</Filter>
    </ClInclude>
    <ClInclude Include="..\contrib\libchardet\src\nscore.h">
      <Filter>Header Files</Filter>
    </ClInclude>
    <ClInclude Include="cuda\dllapi\nv_inc.h">
      <Filter>Header Files</Filter>
    </ClInclude>
    <ClInclude Include="QtAV\private\prepost.h">
      <Filter>Header Files</Filter>
    </ClInclude>
    <ClInclude Include="..\contrib\libchardet\src\prmem.h">
      <Filter>Header Files</Filter>
    </ClInclude>
    <ClInclude Include="QtAV\private\singleton.h">
      <Filter>Header Files</Filter>
    </ClInclude>
    <ClInclude Include="QtAV\version.h">
      <Filter>Header Files</Filter>
    </ClInclude>
  </ItemGroup>
  <ItemGroup>
    <None Include="i18n\QtAV_zh_CN.ts">
      <Filter>Translation Files</Filter>
    </None>
    <None Include="moc\VideoDecoderCUDA.moc">
      <Filter>Generated Files</Filter>
    </None>
    <None Include="moc\VideoDecoderFFmpeg.moc">
      <Filter>Generated Files</Filter>
    </None>
  </ItemGroup>
  <ItemGroup>
    <CustomBuild Include="QtAV.qrc">
      <Filter>Resource Files</Filter>
    </CustomBuild>
    <None Include="QtAV.svg">
      <Filter>Resource Files</Filter>
    </None>
    <None Include="i18n\QtAV_zh_CN.qm">
      <Filter>Resource Files</Filter>
    </None>
    <None Include="shaders\planar.f.glsl">
      <Filter>Resource Files</Filter>
    </None>
    <None Include="shaders\rgb.f.glsl">
      <Filter>Resource Files</Filter>
    </None>
    <CustomBuild Include="shaders\shaders.qrc">
      <Filter>Resource Files</Filter>
    </CustomBuild>
  </ItemGroup>
  <ItemGroup>
    <ResourceCompile Include="QtAV_resource.rc" />
    <ResourceCompile Include="QtAVd_resource.rc" />
  </ItemGroup>
</Project>